
Microsoft Visual Studio Solution File, Format Version 12.00
# Visual Studio 15
VisualStudioVersion = 15.0.27703.2000
MinimumVisualStudioVersion = 10.0.40219.1
Project("{FAE04EC0-301F-11D3-BF4B-00C04F79EFBC}") = "Arcanoid", "Arcanoid\Arcanoid.csproj", "{AF9D9BED-A665-4004-8C41-93B43D75A1BA}"
EndProject
Global
	GlobalSection(SolutionConfigurationPlatforms) = preSolution
		Debug|Any CPU = Debug|Any CPU
		Release|Any CPU = Release|Any CPU
	EndGlobalSection
	GlobalSection(ProjectConfigurationPlatforms) = postSolution
		{AF9D9BED-A665-4004-8C41-93B43D75A1BA}.Debug|Any CPU.ActiveCfg = Debug|Any CPU
		{AF9D9BED-A665-4004-8C41-93B43D75A1BA}.Debug|Any CPU.Build.0 = Debug|Any CPU
		{AF9D9BED-A665-4004-8C41-93B43D75A1BA}.Release|Any CPU.ActiveCfg = Release|Any CPU
		{AF9D9BED-A665-4004-8C41-93B43D75A1BA}.Release|Any CPU.Build.0 = Release|Any CPU
	EndGlobalSection
	GlobalSection(SolutionProperties) = preSolution
		HideSolutionNode = FALSE
	EndGlobalSection
	GlobalSection(ExtensibilityGlobals) = postSolution
		SolutionGuid = {2877F76E-04A5-4EC4-93E8-791A0637EE5E}
	EndGlobalSection
EndGlobal
